// !$*UTF8*$!
{
	archiveVersion = 1;
	classes = {
	};
	objectVersion = 50;
	objects = {

/* Begin PBXBuildFile section */
		C001C99A25239A2B003AF168 /* AppDelegate.swift in Sources */ = {isa = PBXBuildFile; fileRef = C001C99925239A2B003AF168 /* AppDelegate.swift */; };
		C001C99C25239A2B003AF168 /* SceneDelegate.swift in Sources */ = {isa = PBXBuildFile; fileRef = C001C99B25239A2B003AF168 /* SceneDelegate.swift */; };
		C001C99F25239A2B003AF168 /* OriginShopList.xcdatamodeld in Sources */ = {isa = PBXBuildFile; fileRef = C001C99D25239A2B003AF168 /* OriginShopList.xcdatamodeld */; };
		C001C9A125239A2B003AF168 /* ContentView.swift in Sources */ = {isa = PBXBuildFile; fileRef = C001C9A025239A2B003AF168 /* ContentView.swift */; };
		C001C9A325239A2C003AF168 /* Assets.xcassets in Resources */ = {isa = PBXBuildFile; fileRef = C001C9A225239A2C003AF168 /* Assets.xcassets */; };
		C001C9A625239A2C003AF168 /* Preview Assets.xcassets in Resources */ = {isa = PBXBuildFile; fileRef = C001C9A525239A2C003AF168 /* Preview Assets.xcassets */; };
		C001C9A925239A2C003AF168 /* LaunchScreen.storyboard in Resources */ = {isa = PBXBuildFile; fileRef = C001C9A725239A2C003AF168 /* LaunchScreen.storyboard */; };
		C001C9B425239CA8003AF168 /* Shop+CoreDataClass.swift in Sources */ = {isa = PBXBuildFile; fileRef = C001C9B025239CA8003AF168 /* Shop+CoreDataClass.swift */; };
		C001C9B525239CA9003AF168 /* Shop+CoreDataProperties.swift in Sources */ = {isa = PBXBuildFile; fileRef = C001C9B125239CA8003AF168 /* Shop+CoreDataProperties.swift */; };
		C001C9B625239CA9003AF168 /* Item+CoreDataClass.swift in Sources */ = {isa = PBXBuildFile; fileRef = C001C9B225239CA8003AF168 /* Item+CoreDataClass.swift */; };
		C001C9B725239CA9003AF168 /* Item+CoreDataProperties.swift in Sources */ = {isa = PBXBuildFile; fileRef = C001C9B325239CA8003AF168 /* Item+CoreDataProperties.swift */; };
		C001C9B92523B0FE003AF168 /* MainView.swift in Sources */ = {isa = PBXBuildFile; fileRef = C001C9B82523B0FE003AF168 /* MainView.swift */; };
		C001C9BB2523B120003AF168 /* AddListView.swift in Sources */ = {isa = PBXBuildFile; fileRef = C001C9BA2523B120003AF168 /* AddListView.swift */; };
		C001C9BD2523B133003AF168 /* AddItemView.swift in Sources */ = {isa = PBXBuildFile; fileRef = C001C9BC2523B133003AF168 /* AddItemView.swift */; };
		C001C9BF2523B148003AF168 /* DetailListView.swift in Sources */ = {isa = PBXBuildFile; fileRef = C001C9BE2523B148003AF168 /* DetailListView.swift */; };
/* End PBXBuildFile section */

/* Begin PBXFileReference section */
		C001C99625239A2A003AF168 /* OriginShopList.app */ = {isa = PBXFileReference; explicitFileType = wrapper.application; includeInIndex = 0; path = OriginShopList.app; sourceTree = BUILT_PRODUCTS_DIR; };
		C001C99925239A2B003AF168 /* AppDelegate.swift */ = {isa = PBXFileReference; lastKnownFileType = sourcecode.swift; path = AppDelegate.swift; sourceTree = "<group>"; };
		C001C99B25239A2B003AF168 /* SceneDelegate.swift */ = {isa = PBXFileReference; lastKnownFileType = sourcecode.swift; path = SceneDelegate.swift; sourceTree = "<group>"; };
		C001C99E25239A2B003AF168 /* OriginShopList.xcdatamodel */ = {isa = PBXFileReference; lastKnownFileType = wrapper.xcdatamodel; path = OriginShopList.xcdatamodel; sourceTree = "<group>"; };
		C001C9A025239A2B003AF168 /* ContentView.swift */ = {isa = PBXFileReference; lastKnownFileType = sourcecode.swift; path = ContentView.swift; sourceTree = "<group>"; };
		C001C9A225239A2C003AF168 /* Assets.xcassets */ = {isa = PBXFileReference; lastKnownFileType = folder.assetcatalog; path = Assets.xcassets; sourceTree = "<group>"; };
		C001C9A525239A2C003AF168 /* Preview Assets.xcassets */ = {isa = PBXFileReference; lastKnownFileType = folder.assetcatalog; path = "Preview Assets.xcassets"; sourceTree = "<group>"; };
		C001C9A825239A2C003AF168 /* Base */ = {isa = PBXFileReference; lastKnownFileType = file.storyboard; name = Base; path = Base.lproj/LaunchScreen.storyboard; sourceTree = "<group>"; };
		C001C9AA25239A2C003AF168 /* Info.plist */ = {isa = PBXFileReference; lastKnownFileType = text.plist.xml; path = Info.plist; sourceTree = "<group>"; };
		C001C9B025239CA8003AF168 /* Shop+CoreDataClass.swift */ = {isa = PBXFileReference; lastKnownFileType = sourcecode.swift; path = "Shop+CoreDataClass.swift"; sourceTree = "<group>"; };
		C001C9B125239CA8003AF168 /* Shop+CoreDataProperties.swift */ = {isa = PBXFileReference; lastKnownFileType = sourcecode.swift; path = "Shop+CoreDataProperties.swift"; sourceTree = "<group>"; };
		C001C9B225239CA8003AF168 /* Item+CoreDataClass.swift */ = {isa = PBXFileReference; lastKnownFileType = sourcecode.swift; path = "Item+CoreDataClass.swift"; sourceTree = "<group>"; };
		C001C9B325239CA8003AF168 /* Item+CoreDataProperties.swift */ = {isa = PBXFileReference; lastKnownFileType = sourcecode.swift; path = "Item+CoreDataProperties.swift"; sourceTree = "<group>"; };
		C001C9B82523B0FE003AF168 /* MainView.swift */ = {isa = PBXFileReference; lastKnownFileType = sourcecode.swift; path = MainView.swift; sourceTree = "<group>"; };
		C001C9BA2523B120003AF168 /* AddListView.swift */ = {isa = PBXFileReference; lastKnownFileType = sourcecode.swift; path = AddListView.swift; sourceTree = "<group>"; };
		C001C9BC2523B133003AF168 /* AddItemView.swift */ = {isa = PBXFileReference; lastKnownFileType = sourcecode.swift; path = AddItemView.swift; sourceTree = "<group>"; };
		C001C9BE2523B148003AF168 /* DetailListView.swift */ = {isa = PBXFileReference; lastKnownFileType = sourcecode.swift; path = DetailListView.swift; sourceTree = "<group>"; };
/* End PBXFileReference section */

/* Begin PBXFrameworksBuildPhase section */
		C001C99325239A2A003AF168 /* Frameworks */ = {
			isa = PBXFrameworksBuildPhase;
			buildActionMask = 2147483647;
			files = (
			);
			runOnlyForDeploymentPostprocessing = 0;
		};
/* End PBXFrameworksBuildPhase section */

/* Begin PBXGroup section */
		C001C98D25239A2A003AF168 = {
			isa = PBXGroup;
			children = (
				C001C99825239A2A003AF168 /* OriginShopList */,
				C001C99725239A2A003AF168 /* Products */,
			);
			sourceTree = "<group>";
		};
		C001C99725239A2A003AF168 /* Products */ = {
			isa = PBXGroup;
			children = (
				C001C99625239A2A003AF168 /* OriginShopList.app */,
			);
			name = Products;
			sourceTree = "<group>";
		};
		C001C99825239A2A003AF168 /* OriginShopList */ = {
			isa = PBXGroup;
			children = (
				C001C9B025239CA8003AF168 /* Shop+CoreDataClass.swift */,
				C001C9B125239CA8003AF168 /* Shop+CoreDataProperties.swift */,
				C001C9B225239CA8003AF168 /* Item+CoreDataClass.swift */,
				C001C9B325239CA8003AF168 /* Item+CoreDataProperties.swift */,
				C001C99925239A2B003AF168 /* AppDelegate.swift */,
				C001C99B25239A2B003AF168 /* SceneDelegate.swift */,
				C001C9A025239A2B003AF168 /* ContentView.swift */,
				C001C9B82523B0FE003AF168 /* MainView.swift */,
				C001C9BA2523B120003AF168 /* AddListView.swift */,
				C001C9BC2523B133003AF168 /* AddItemView.swift */,
				C001C9BE2523B148003AF168 /* DetailListView.swift */,
				C001C9A225239A2C003AF168 /* Assets.xcassets */,
				C001C9A725239A2C003AF168 /* LaunchScreen.storyboard */,
				C001C9AA25239A2C003AF168 /* Info.plist */,
				C001C99D25239A2B003AF168 /* OriginShopList.xcdatamodeld */,
				C001C9A425239A2C003AF168 /* Preview Content */,
			);
			path = OriginShopList;
			sourceTree = "<group>";
		};
		C001C9A425239A2C003AF168 /* Preview Content */ = {
			isa = PBXGroup;
			children = (
				C001C9A525239A2C003AF168 /* Preview Assets.xcassets */,
			);
			path = "Preview Content";
			sourceTree = "<group>";
		};
/* End PBXGroup section */

/* Begin PBXNativeTarget section */
		C001C99525239A2A003AF168 /* OriginShopList */ = {
			isa = PBXNativeTarget;
			buildConfigurationList = C001C9AD25239A2C003AF168 /* Build configuration list for PBXNativeTarget "OriginShopList" */;
			buildPhases = (
				C001C99225239A2A003AF168 /* Sources */,
				C001C99325239A2A003AF168 /* Frameworks */,
				C001C99425239A2A003AF168 /* Resources */,
			);
			buildRules = (
			);
			dependencies = (
			);
			name = OriginShopList;
			productName = OriginShopList;
			productReference = C001C99625239A2A003AF168 /* OriginShopList.app */;
			productType = "com.apple.product-type.application";
		};
/* End PBXNativeTarget section */

/* Begin PBXProject section */
		C001C98E25239A2A003AF168 /* Project object */ = {
			isa = PBXProject;
			attributes = {
				LastSwiftUpdateCheck = 1160;
				LastUpgradeCheck = 1240;
				ORGANIZATIONNAME = "Gabriela Pokropska";
				TargetAttributes = {
					C001C99525239A2A003AF168 = {
						CreatedOnToolsVersion = 11.6;
					};
				};
			};
			buildConfigurationList = C001C99125239A2A003AF168 /* Build configuration list for PBXProject "OriginShopList" */;
			compatibilityVersion = "Xcode 9.3";
			developmentRegion = en;
			hasScannedForEncodings = 0;
			knownRegions = (
				en,
				Base,
			);
			mainGroup = C001C98D25239A2A003AF168;
			productRefGroup = C001C99725239A2A003AF168 /* Products */;
			projectDirPath = "";
			projectRoot = "";
			targets = (
				C001C99525239A2A003AF168 /* OriginShopList */,
			);
		};
/* End PBXProject section */

/* Begin PBXResourcesBuildPhase section */
		C001C99425239A2A003AF168 /* Resources */ = {
			isa = PBXResourcesBuildPhase;
			buildActionMask = 2147483647;
			files = (
				C001C9A925239A2C003AF168 /* LaunchScreen.storyboard in Resources */,
				C001C9A625239A2C003AF168 /* Preview Assets.xcassets in Resources */,
				C001C9A325239A2C003AF168 /* Assets.xcassets in Resources */,
			);
			runOnlyForDeploymentPostprocessing = 0;
		};
/* End PBXResourcesBuildPhase section */

/* Begin PBXSourcesBuildPhase section */
		C001C99225239A2A003AF168 /* Sources */ = {
			isa = PBXSourcesBuildPhase;
			buildActionMask = 2147483647;
			files = (
				C001C99F25239A2B003AF168 /* OriginShopList.xcdatamodeld in Sources */,
				C001C9B92523B0FE003AF168 /* MainView.swift in Sources */,
				C001C9B525239CA9003AF168 /* Shop+CoreDataProperties.swift in Sources */,
				C001C9B725239CA9003AF168 /* Item+CoreDataProperties.swift in Sources */,
				C001C9BB2523B120003AF168 /* AddListView.swift in Sources */,
				C001C9B425239CA8003AF168 /* Shop+CoreDataClass.swift in Sources */,
				C001C99A25239A2B003AF168 /* AppDelegate.swift in Sources */,
				C001C9A125239A2B003AF168 /* ContentView.swift in Sources */,
				C001C9BD2523B133003AF168 /* AddItemView.swift in Sources */,
				C001C9BF2523B148003AF168 /* DetailListView.swift in Sources */,
				C001C99C25239A2B003AF168 /* SceneDelegate.swift in Sources */,
				C001C9B625239CA9003AF168 /* Item+CoreDataClass.swift in Sources */,
			);
			runOnlyForDeploymentPostprocessing = 0;
		};
/* End PBXSourcesBuildPhase section */

/* Begin PBXVariantGroup section */
		C001C9A725239A2C003AF168 /* LaunchScreen.storyboard */ = {
			isa = PBXVariantGroup;
			children = (
				C001C9A825239A2C003AF168 /* Base */,
			);
			name = LaunchScreen.storyboard;
			sourceTree = "<group>";
		};
/* End PBXVariantGroup section */

/* Begin XCBuildConfiguration section */
		C001C9AB25239A2C003AF168 /* Debug */ = {
			isa = XCBuildConfiguration;
			buildSettings = {
				ALWAYS_SEARCH_USER_PATHS = NO;
				CLANG_ANALYZER_NONNULL = YES;
				CLANG_ANALYZER_NUMBER_OBJECT_CONVERSION = YES_AGGRESSIVE;
				CLANG_CXX_LANGUAGE_STANDARD = "gnu++14";
				CLANG_CXX_LIBRARY = "libc++";
				CLANG_ENABLE_MODULES = YES;
				CLANG_ENABLE_OBJC_ARC = YES;
				CLANG_ENABLE_OBJC_WEAK = YES;
				CLANG_WARN_BLOCK_CAPTURE_AUTORELEASING = YES;
				CLANG_WARN_BOOL_CONVERSION = YES;
				CLANG_WARN_COMMA = YES;
				CLANG_WARN_CONSTANT_CONVERSION = YES;
				CLANG_WARN_DEPRECATED_OBJC_IMPLEMENTATIONS = YES;
				CLANG_WARN_DIRECT_OBJC_ISA_USAGE = YES_ERROR;
				CLANG_WARN_DOCUMENTATION_COMMENTS = YES;
				CLANG_WARN_EMPTY_BODY = YES;
				CLANG_WARN_ENUM_CONVERSION = YES;
				CLANG_WARN_INFINITE_RECURSION = YES;
				CLANG_WARN_INT_CONVERSION = YES;
				CLANG_WARN_NON_LITERAL_NULL_CONVERSION = YES;
				CLANG_WARN_OBJC_IMPLICIT_RETAIN_SELF = YES;
				CLANG_WARN_OBJC_LITERAL_CONVERSION = YES;
				CLANG_WARN_OBJC_ROOT_CLASS = YES_ERROR;
				CLANG_WARN_QUOTED_INCLUDE_IN_FRAMEWORK_HEADER = YES;
				CLANG_WARN_RANGE_LOOP_ANALYSIS = YES;
				CLANG_WARN_STRICT_PROTOTYPES = YES;
				CLANG_WARN_SUSPICIOUS_MOVE = YES;
				CLANG_WARN_UNGUARDED_AVAILABILITY = YES_AGGRESSIVE;
				CLANG_WARN_UNREACHABLE_CODE = YES;
				CLANG_WARN__DUPLICATE_METHOD_MATCH = YES;
				COPY_PHASE_STRIP = NO;
				DEBUG_INFORMATION_FORMAT = dwarf;
				ENABLE_STRICT_OBJC_MSGSEND = YES;
				ENABLE_TESTABILITY = YES;
				GCC_C_LANGUAGE_STANDARD = gnu11;
				GCC_DYNAMIC_NO_PIC = NO;
				GCC_NO_COMMON_BLOCKS = YES;
				GCC_OPTIMIZATION_LEVEL = 0;
				GCC_PREPROCESSOR_DEFINITIONS = (
					"DEBUG=1",
					"$(inherited)",
				);
				GCC_WARN_64_TO_32_BIT_CONVERSION = YES;
				GCC_WARN_ABOUT_RETURN_TYPE = YES_ERROR;
				GCC_WARN_UNDECLARED_SELECTOR = YES;
				GCC_WARN_UNINITIALIZED_AUTOS = YES_AGGRESSIVE;
				GCC_WARN_UNUSED_FUNCTION = YES;
				GCC_WARN_UNUSED_VARIABLE = YES;
				IPHONEOS_DEPLOYMENT_TARGET = 14.4;
				MTL_ENABLE_DEBUG_INFO = INCLUDE_SOURCE;
				MTL_FAST_MATH = YES;
				ONLY_ACTIVE_ARCH = YES;
				SDKROOT = iphoneos;
				SWIFT_ACTIVE_COMPILATION_CONDITIONS = DEBUG;
				SWIFT_OPTIMIZATION_LEVEL = "-Onone";
			};
			name = Debug;
		};
		C001C9AC25239A2C003AF168 /* Release */ = {
			isa = XCBuildConfiguration;
			buildSettings = {
				ALWAYS_SEARCH_USER_PATHS = NO;
				CLANG_ANALYZER_NONNULL = YES;
				CLANG_ANALYZER_NUMBER_OBJECT_CONVERSION = YES_AGGRESSIVE;
				CLANG_CXX_LANGUAGE_STANDARD = "gnu++14";
				CLANG_CXX_LIBRARY = "libc++";
				CLANG_ENABLE_MODULES = YES;
				CLANG_ENABLE_OBJC_ARC = YES;
				CLANG_ENABLE_OBJC_WEAK = YES;
				CLANG_WARN_BLOCK_CAPTURE_AUTORELEASING = YES;
				CLANG_WARN_BOOL_CONVERSION = YES;
				CLANG_WARN_COMMA = YES;
				CLANG_WARN_CONSTANT_CONVERSION = YES;
				CLANG_WARN_DEPRECATED_OBJC_IMPLEMENTATIONS = YES;
				CLANG_WARN_DIRECT_OBJC_ISA_USAGE = YES_ERROR;
				CLANG_WARN_DOCUMENTATION_COMMENTS = YES;
				CLANG_WARN_EMPTY_BODY = YES;
				CLANG_WARN_ENUM_CONVERSION = YES;
				CLANG_WARN_INFINITE_RECURSION = YES;
				CLANG_WARN_INT_CONVERSION = YES;
				CLANG_WARN_NON_LITERAL_NULL_CONVERSION = YES;
				CLANG_WARN_OBJC_IMPLICIT_RETAIN_SELF = YES;
				CLANG_WARN_OBJC_LITERAL_CONVERSION = YES;
				CLANG_WARN_OBJC_ROOT_CLASS = YES_ERROR;
				CLANG_WARN_QUOTED_INCLUDE_IN_FRAMEWORK_HEADER = YES;
				CLANG_WARN_RANGE_LOOP_ANALYSIS = YES;
				CLANG_WARN_STRICT_PROTOTYPES = YES;
				CLANG_WARN_SUSPICIOUS_MOVE = YES;
				CLANG_WARN_UNGUARDED_AVAILABILITY = YES_AGGRESSIVE;
				CLANG_WARN_UNREACHABLE_CODE = YES;
				CLANG_WARN__DUPLICATE_METHOD_MATCH = YES;
				COPY_PHASE_STRIP = NO;
				DEBUG_INFORMATION_FORMAT = "dwarf-with-dsym";
				ENABLE_NS_ASSERTIONS = NO;
				ENABLE_STRICT_OBJC_MSGSEND = YES;
				GCC_C_LANGUAGE_STANDARD = gnu11;
				GCC_NO_COMMON_BLOCKS = YES;
				GCC_WARN_64_TO_32_BIT_CONVERSION = YES;
				GCC_WARN_ABOUT_RETURN_TYPE = YES_ERROR;
				GCC_WARN_UNDECLARED_SELECTOR = YES;
				GCC_WARN_UNINITIALIZED_AUTOS = YES_AGGRESSIVE;
				GCC_WARN_UNUSED_FUNCTION = YES;
				GCC_WARN_UNUSED_VARIABLE = YES;
				IPHONEOS_DEPLOYMENT_TARGET = 14.4;
				MTL_ENABLE_DEBUG_INFO = NO;
				MTL_FAST_MATH = YES;
				SDKROOT = iphoneos;
				SWIFT_COMPILATION_MODE = wholemodule;
				SWIFT_OPTIMIZATION_LEVEL = "-O";
				VALIDATE_PRODUCT = YES;
			};
			name = Release;
		};
		C001C9AE25239A2C003AF168 /* Debug */ = {
			isa = XCBuildConfiguration;
			buildSettings = {
				ASSETCATALOG_COMPILER_APPICON_NAME = AppIcon;
				CODE_SIGN_STYLE = Automatic;
				DEVELOPMENT_ASSET_PATHS = "\"OriginShopList/Preview Content\"";
				DEVELOPMENT_TEAM = C9V2H6Z6WW;
				ENABLE_PREVIEWS = YES;
				INFOPLIST_FILE = OriginShopList/Info.plist;
				LD_RUNPATH_SEARCH_PATHS = (
					"$(inherited)",
					"@executable_path/Frameworks",
				);
				PRODUCT_BUNDLE_IDENTIFIER = com.gabpok.OriginShopList;
				PRODUCT_NAME = "$(TARGET_NAME)";
				SWIFT_VERSION = 5.0;
				TARGETED_DEVICE_FAMILY = "1,2";
			};
			name = Debug;
		};
		C001C9AF25239A2C003AF168 /* Release */ = {
			isa = XCBuildConfiguration;
			buildSettings = {
				ASSETCATALOG_COMPILER_APPICON_NAME = AppIcon;
				CODE_SIGN_STYLE = Automatic;
				DEVELOPMENT_ASSET_PATHS = "\"OriginShopList/Preview Content\"";
				DEVELOPMENT_TEAM = C9V2H6Z6WW;
				ENABLE_PREVIEWS = YES;
				INFOPLIST_FILE = OriginShopList/Info.plist;
				LD_RUNPATH_SEARCH_PATHS = (
					"$(inherited)",
					"@executable_path/Frameworks",
				);
				PRODUCT_BUNDLE_IDENTIFIER = com.gabpok.OriginShopList;
				PRODUCT_NAME = "$(TARGET_NAME)";
				SWIFT_VERSION = 5.0;
				TARGETED_DEVICE_FAMILY = "1,2";
			};
			name = Release;
		};
/* End XCBuildConfiguration section */

/* Begin XCConfigurationList section */
		C001C99125239A2A003AF168 /* Build configuration list for PBXProject "OriginShopList" */ = {
			isa = XCConfigurationList;
			buildConfigurations = (
				C001C9AB25239A2C003AF168 /* Debug */,
				C001C9AC25239A2C003AF168 /* Release */,
			);
			defaultConfigurationIsVisible = 0;
			defaultConfigurationName = Release;
		};
		C001C9AD25239A2C003AF168 /* Build configuration list for PBXNativeTarget "OriginShopList" */ = {
			isa = XCConfigurationList;
			buildConfigurations = (
				C001C9AE25239A2C003AF168 /* Debug */,
				C001C9AF25239A2C003AF168 /* Release */,
			);
			defaultConfigurationIsVisible = 0;
			defaultConfigurationName = Release;
		};
/* End XCConfigurationList section */

/* Begin XCVersionGroup section */
		C001C99D25239A2B003AF168 /* OriginShopList.xcdatamodeld */ = {
			isa = XCVersionGroup;
			children = (
				C001C99E25239A2B003AF168 /* OriginShopList.xcdatamodel */,
			);
			currentVersion = C001C99E25239A2B003AF168 /* OriginShopList.xcdatamodel */;
			path = OriginShopList.xcdatamodeld;
			sourceTree = "<group>";
			versionGroupType = wrapper.xcdatamodel;
		};
/* End XCVersionGroup section */
	};
	rootObject = C001C98E25239A2A003AF168 /* Project object */;
}
